
Microsoft Visual Studio Solution File, Format Version 12.00
# Visual Studio Version 16
VisualStudioVersion = 16.0.33130.400
MinimumVisualStudioVersion = 10.0.40219.1
Project("{FAE04EC0-301F-11D3-BF4B-00C04F79EFBC}") = "Carga_Asignacion_Coopeuch_Avenimiento", "Carga_Asignacion_Coopeuch_Avenimiento\Carga_Asignacion_Coopeuch_Avenimiento.csproj", "{AE51F449-ACC8-4D42-BA64-2C7842BC2598}"
EndProject
Global
	GlobalSection(SolutionConfigurationPlatforms) = preSolution
		Debug|Any CPU = Debug|Any CPU
		Release|Any CPU = Release|Any CPU
	EndGlobalSection
	GlobalSection(ProjectConfigurationPlatforms) = postSolution
		{AE51F449-ACC8-4D42-BA64-2C7842BC2598}.Debug|Any CPU.ActiveCfg = Debug|Any CPU
		{AE51F449-ACC8-4D42-BA64-2C7842BC2598}.Debug|Any CPU.Build.0 = Debug|Any CPU
		{AE51F449-ACC8-4D42-BA64-2C7842BC2598}.Release|Any CPU.ActiveCfg = Release|Any CPU
		{AE51F449-ACC8-4D42-BA64-2C7842BC2598}.Release|Any CPU.Build.0 = Release|Any CPU
	EndGlobalSection
	GlobalSection(SolutionProperties) = preSolution
		HideSolutionNode = FALSE
	EndGlobalSection
	GlobalSection(ExtensibilityGlobals) = postSolution
		SolutionGuid = {BA04D65A-034F-40D3-B24A-1C3C1B336032}
	EndGlobalSection
EndGlobal
